<Solution>
  <Project Path="AudioVideoLib/AudioVideoLib.csproj" />
  <Project Path="AudioVideoLib.Tests/AudioVideoLib.Tests.csproj" />
  <Project Path="AudioVideoLib.Samples/AudioVideoLib.Samples.csproj" />
  <Project Path="AudioVideoLib.Demo/AudioVideoLib.Demo.csproj" />
  <Project Path="AudioVideoLib.Studio/AudioVideoLib.Studio.csproj" />
</Solution>
